
Microsoft Visual Studio Solution File, Format Version 11.00
# Visual Studio 2010
Project("{FAE04EC0-301F-11D3-BF4B-00C04F79EFBC}") = "WeChatLittle", "WeChatLittle\WeChatLittle.csproj", "{B62CE6C9-7235-45ED-B427-F6BDDDA3E3B9}"
EndProject
Global
	GlobalSection(SolutionConfigurationPlatforms) = preSolution
		Debug|Any CPU = Debug|Any CPU
		Release|Any CPU = Release|Any CPU
	EndGlobalSection
	GlobalSection(ProjectConfigurationPlatforms) = postSolution
		{B62CE6C9-7235-45ED-B427-F6BDDDA3E3B9}.Debug|Any CPU.ActiveCfg = Debug|Any CPU
		{B62CE6C9-7235-45ED-B427-F6BDDDA3E3B9}.Debug|Any CPU.Build.0 = Debug|Any CPU
		{B62CE6C9-7235-45ED-B427-F6BDDDA3E3B9}.Release|Any CPU.ActiveCfg = Release|Any CPU
		{B62CE6C9-7235-45ED-B427-F6BDDDA3E3B9}.Release|Any CPU.Build.0 = Release|Any CPU
	EndGlobalSection
	GlobalSection(SolutionProperties) = preSolution
		HideSolutionNode = FALSE
	EndGlobalSection
EndGlobal
